# Pinned Z3 commits for reproducible simulator runs.
#
# The primary pinned entity is the Z3 meta-repository. Individual component versions
# are determined by the Docker images Z3 references at the pinned commit, which are
# themselves pinned by image tag (and, where possible, by sha256 digest).
# Component commits below are recorded for reference and findings report attribution.
#
# All findings in the final report reference these exact versions.
# See docs/integration/pinned-commits.md for the rationale.

z3:
  repo: https://github.com/ZcashFoundation/z3
  branch: main
  commit: dfb9d0eae6d3f67a3c184e0d8fcb1166e7740724
  note: >
    Confirmed by the Foundation (Gustavo). The simulator drives the Z3 Docker Compose
    stack at this commit; the component image tags below are the versions this commit
    pins. Frozen for the duration of the engagement.

zebra:
  repo: https://github.com/ZcashFoundation/zebra
  version: v5.0.0
  image: zfnd/zebra:5.0.0
  commit: 1e6519ea91e2d3035c20aadd4d9a40dcac2eed3a
  note: Verified — the v5.0.0 git tag resolves to this commit.

zaino:
  repo: https://github.com/zingolabs/zaino
  version: 0.4.0-rc.2
  image: zingodevops/zainod:0.4.0-rc.2
  commit: 0cf4fd5008a7536e3495e3e377073faac1cb28f3
  note: >
    Verified — the 0.4.0-rc.2 git tag resolves to this commit. Z3 runs the -no-tls
    image variant in regtest (plaintext h2c gRPC, no client auth).

zallet:
  repo: https://github.com/zcash/wallet
  version: v0.1.0-alpha.3
  image: electriccoinco/zallet:v0.1.0-alpha.3
  commit: 6fc85f68cf5ebe456160c6518255a83129e7d21c
  note: >
    Commit recorded as provided by the Foundation. Provenance note: the v0.1.0-alpha.3
    git tag itself resolves to f0db32d23de36b9a8e0c48b4438d22ab076aca58; the Foundation's
    commit is one commit later on the same line of history. Runtime is fixed by the image
    tag/digest above regardless of which commit is cited for attribution.
